
Microsoft Visual Studio Solution File, Format Version 12.00
# Visual Studio Version 17
VisualStudioVersion = 17.4.33103.184
MinimumVisualStudioVersion = 10.0.40219.1
Project("{8BC9CEB8-8B4A-11D0-8D11-00A0C91BC942}") = "Euler50", "Euler50\Euler50.vcxproj", "{2E001C5C-9CC0-4272-B2FD-78590AAF43BD}"
EndProject
Project("{8BC9CEB8-8B4A-11D0-8D11-00A0C91BC942}") = "Euler48", "Euler48\Euler48.vcxproj", "{20C6FB7C-E5E8-4359-9B34-CE0FB92674E4}"
EndProject
Project("{8BC9CEB8-8B4A-11D0-8D11-00A0C91BC942}") = "Euler52", "Euler52\Euler52.vcxproj", "{6E625A04-D958-4F2C-9318-D05833ABD6F7}"
EndProject
Project("{8BC9CEB8-8B4A-11D0-8D11-00A0C91BC942}") = "Euler44", "Euler44\Euler44.vcxproj", "{715AE73C-6FAE-4D40-AF62-3FC579774B8C}"
EndProject
Project("{8BC9CEB8-8B4A-11D0-8D11-00A0C91BC942}") = "Euler45", "Euler45\Euler45.vcxproj", "{B1AB30CD-4DD6-43AA-A705-6DB5B6175D31}"
EndProject
Project("{8BC9CEB8-8B4A-11D0-8D11-00A0C91BC942}") = "Euler55", "Euler55\Euler55.vcxproj", "{7B22381D-3313-4DB6-92C3-002D9D64E28E}"
EndProject
Project("{8BC9CEB8-8B4A-11D0-8D11-00A0C91BC942}") = "Euler43", "Euler43\Euler43.vcxproj", "{7113F917-623B-4F89-8CCD-B24A6B027FF3}"
EndProject
Project("{8BC9CEB8-8B4A-11D0-8D11-00A0C91BC942}") = "Euler77", "Euler77\Euler77.vcxproj", "{34243036-1067-4765-B3B7-064E0C029496}"
EndProject
Project("{8BC9CEB8-8B4A-11D0-8D11-00A0C91BC942}") = "Euler88", "Euler88\Euler88.vcxproj", "{AFAF0EE7-933E-4961-B2AE-7C6052BBB7FA}"
EndProject
Project("{8BC9CEB8-8B4A-11D0-8D11-00A0C91BC942}") = "Euler122", "Euler122\Euler122.vcxproj", "{4D8B531A-9063-4D71-A5A1-9123E726FE57}"
EndProject
Project("{8BC9CEB8-8B4A-11D0-8D11-00A0C91BC942}") = "Euler36", "Euler36\Euler36.vcxproj", "{2F52120F-A7E5-4A59-A8EE-71C6238AA1EA}"
EndProject
Project("{8BC9CEB8-8B4A-11D0-8D11-00A0C91BC942}") = "Euler39", "Euler39\Euler39.vcxproj", "{43574AEB-D03D-4CC4-B204-B06B92DA3045}"
EndProject
Project("{8BC9CEB8-8B4A-11D0-8D11-00A0C91BC942}") = "Euler40", "Euler40\Euler40.vcxproj", "{29656B24-7048-4CC9-8150-A68DE1CDEEEA}"
EndProject
Global
	GlobalSection(SolutionConfigurationPlatforms) = preSolution
		Debug|x64 = Debug|x64
		Debug|x86 = Debug|x86
		Release|x64 = Release|x64
		Release|x86 = Release|x86
	EndGlobalSection
	GlobalSection(ProjectConfigurationPlatforms) = postSolution
		{2E001C5C-9CC0-4272-B2FD-78590AAF43BD}.Debug|x64.ActiveCfg = Debug|x64
		{2E001C5C-9CC0-4272-B2FD-78590AAF43BD}.Debug|x64.Build.0 = Debug|x64
		{2E001C5C-9CC0-4272-B2FD-78590AAF43BD}.Debug|x86.ActiveCfg = Debug|Win32
		{2E001C5C-9CC0-4272-B2FD-78590AAF43BD}.Debug|x86.Build.0 = Debug|Win32
		{2E001C5C-9CC0-4272-B2FD-78590AAF43BD}.Release|x64.ActiveCfg = Release|x64
		{2E001C5C-9CC0-4272-B2FD-78590AAF43BD}.Release|x64.Build.0 = Release|x64
		{2E001C5C-9CC0-4272-B2FD-78590AAF43BD}.Release|x86.ActiveCfg = Release|Win32
		{2E001C5C-9CC0-4272-B2FD-78590AAF43BD}.Release|x86.Build.0 = Release|Win32
		{20C6FB7C-E5E8-4359-9B34-CE0FB92674E4}.Debug|x64.ActiveCfg = Debug|x64
		{20C6FB7C-E5E8-4359-9B34-CE0FB92674E4}.Debug|x64.Build.0 = Debug|x64
		{20C6FB7C-E5E8-4359-9B34-CE0FB92674E4}.Debug|x86.ActiveCfg = Debug|Win32
		{20C6FB7C-E5E8-4359-9B34-CE0FB92674E4}.Debug|x86.Build.0 = Debug|Win32
		{20C6FB7C-E5E8-4359-9B34-CE0FB92674E4}.Release|x64.ActiveCfg = Release|x64
		{20C6FB7C-E5E8-4359-9B34-CE0FB92674E4}.Release|x64.Build.0 = Release|x64
		{20C6FB7C-E5E8-4359-9B34-CE0FB92674E4}.Release|x86.ActiveCfg = Release|Win32
		{20C6FB7C-E5E8-4359-9B34-CE0FB92674E4}.Release|x86.Build.0 = Release|Win32
		{6E625A04-D958-4F2C-9318-D05833ABD6F7}.Debug|x64.ActiveCfg = Debug|x64
		{6E625A04-D958-4F2C-9318-D05833ABD6F7}.Debug|x64.Build.0 = Debug|x64
		{6E625A04-D958-4F2C-9318-D05833ABD6F7}.Debug|x86.ActiveCfg = Debug|Win32
		{6E625A04-D958-4F2C-9318-D05833ABD6F7}.Debug|x86.Build.0 = Debug|Win32
		{6E625A04-D958-4F2C-9318-D05833ABD6F7}.Release|x64.ActiveCfg = Release|x64
		{6E625A04-D958-4F2C-9318-D05833ABD6F7}.Release|x64.Build.0 = Release|x64
		{6E625A04-D958-4F2C-9318-D05833ABD6F7}.Release|x86.ActiveCfg = Release|Win32
		{6E625A04-D958-4F2C-9318-D05833ABD6F7}.Release|x86.Build.0 = Release|Win32
		{715AE73C-6FAE-4D40-AF62-3FC579774B8C}.Debug|x64.ActiveCfg = Debug|x64
		{715AE73C-6FAE-4D40-AF62-3FC579774B8C}.Debug|x64.Build.0 = Debug|x64
		{715AE73C-6FAE-4D40-AF62-3FC579774B8C}.Debug|x86.ActiveCfg = Debug|Win32
		{715AE73C-6FAE-4D40-AF62-3FC579774B8C}.Debug|x86.Build.0 = Debug|Win32
		{715AE73C-6FAE-4D40-AF62-3FC579774B8C}.Release|x64.ActiveCfg = Release|x64
		{715AE73C-6FAE-4D40-AF62-3FC579774B8C}.Release|x64.Build.0 = Release|x64
		{715AE73C-6FAE-4D40-AF62-3FC579774B8C}.Release|x86.ActiveCfg = Release|Win32
		{715AE73C-6FAE-4D40-AF62-3FC579774B8C}.Release|x86.Build.0 = Release|Win32
		{B1AB30CD-4DD6-43AA-A705-6DB5B6175D31}.Debug|x64.ActiveCfg = Debug|x64
		{B1AB30CD-4DD6-43AA-A705-6DB5B6175D31}.Debug|x64.Build.0 = Debug|x64
		{B1AB30CD-4DD6-43AA-A705-6DB5B6175D31}.Debug|x86.ActiveCfg = Debug|Win32
		{B1AB30CD-4DD6-43AA-A705-6DB5B6175D31}.Debug|x86.Build.0 = Debug|Win32
		{B1AB30CD-4DD6-43AA-A705-6DB5B6175D31}.Release|x64.ActiveCfg = Release|x64
		{B1AB30CD-4DD6-43AA-A705-6DB5B6175D31}.Release|x64.Build.0 = Release|x64
		{B1AB30CD-4DD6-43AA-A705-6DB5B6175D31}.Release|x86.ActiveCfg = Release|Win32
		{B1AB30CD-4DD6-43AA-A705-6DB5B6175D31}.Release|x86.Build.0 = Release|Win32
		{7B22381D-3313-4DB6-92C3-002D9D64E28E}.Debug|x64.ActiveCfg = Debug|x64
		{7B22381D-3313-4DB6-92C3-002D9D64E28E}.Debug|x64.Build.0 = Debug|x64
		{7B22381D-3313-4DB6-92C3-002D9D64E28E}.Debug|x86.ActiveCfg = Debug|Win32
		{7B22381D-3313-4DB6-92C3-002D9D64E28E}.Debug|x86.Build.0 = Debug|Win32
		{7B22381D-3313-4DB6-92C3-002D9D64E28E}.Release|x64.ActiveCfg = Release|x64
		{7B22381D-3313-4DB6-92C3-002D9D64E28E}.Release|x64.Build.0 = Release|x64
		{7B22381D-3313-4DB6-92C3-002D9D64E28E}.Release|x86.ActiveCfg = Release|Win32
		{7B22381D-3313-4DB6-92C3-002D9D64E28E}.Release|x86.Build.0 = Release|Win32
		{7113F917-623B-4F89-8CCD-B24A6B027FF3}.Debug|x64.ActiveCfg = Debug|x64
		{7113F917-623B-4F89-8CCD-B24A6B027FF3}.Debug|x64.Build.0 = Debug|x64
		{7113F917-623B-4F89-8CCD-B24A6B027FF3}.Debug|x86.ActiveCfg = Debug|Win32
		{7113F917-623B-4F89-8CCD-B24A6B027FF3}.Debug|x86.Build.0 = Debug|Win32
		{7113F917-623B-4F89-8CCD-B24A6B027FF3}.Release|x64.ActiveCfg = Release|x64
		{7113F917-623B-4F89-8CCD-B24A6B027FF3}.Release|x64.Build.0 = Release|x64
		{7113F917-623B-4F89-8CCD-B24A6B027FF3}.Release|x86.ActiveCfg = Release|Win32
		{7113F917-623B-4F89-8CCD-B24A6B027FF3}.Release|x86.Build.0 = Release|Win32
		{34243036-1067-4765-B3B7-064E0C029496}.Debug|x64.ActiveCfg = Debug|x64
		{34243036-1067-4765-B3B7-064E0C029496}.Debug|x64.Build.0 = Debug|x64
		{34243036-1067-4765-B3B7-064E0C029496}.Debug|x86.ActiveCfg = Debug|Win32
		{34243036-1067-4765-B3B7-064E0C029496}.Debug|x86.Build.0 = Debug|Win32
		{34243036-1067-4765-B3B7-064E0C029496}.Release|x64.ActiveCfg = Release|x64
		{34243036-1067-4765-B3B7-064E0C029496}.Release|x64.Build.0 = Release|x64
		{34243036-1067-4765-B3B7-064E0C029496}.Release|x86.ActiveCfg = Release|Win32
		{34243036-1067-4765-B3B7-064E0C029496}.Release|x86.Build.0 = Release|Win32
		{AFAF0EE7-933E-4961-B2AE-7C6052BBB7FA}.Debug|x64.ActiveCfg = Debug|x64
		{AFAF0EE7-933E-4961-B2AE-7C6052BBB7FA}.Debug|x64.Build.0 = Debug|x64
		{AFAF0EE7-933E-4961-B2AE-7C6052BBB7FA}.Debug|x86.ActiveCfg = Debug|Win32
		{AFAF0EE7-933E-4961-B2AE-7C6052BBB7FA}.Debug|x86.Build.0 = Debug|Win32
		{AFAF0EE7-933E-4961-B2AE-7C6052BBB7FA}.Release|x64.ActiveCfg = Release|x64
		{AFAF0EE7-933E-4961-B2AE-7C6052BBB7FA}.Release|x64.Build.0 = Release|x64
		{AFAF0EE7-933E-4961-B2AE-7C6052BBB7FA}.Release|x86.ActiveCfg = Release|Win32
		{AFAF0EE7-933E-4961-B2AE-7C6052BBB7FA}.Release|x86.Build.0 = Release|Win32
		{4D8B531A-9063-4D71-A5A1-9123E726FE57}.Debug|x64.ActiveCfg = Debug|x64
		{4D8B531A-9063-4D71-A5A1-9123E726FE57}.Debug|x64.Build.0 = Debug|x64
		{4D8B531A-9063-4D71-A5A1-9123E726FE57}.Debug|x86.ActiveCfg = Debug|Win32
		{4D8B531A-9063-4D71-A5A1-9123E726FE57}.Debug|x86.Build.0 = Debug|Win32
		{4D8B531A-9063-4D71-A5A1-9123E726FE57}.Release|x64.ActiveCfg = Release|x64
		{4D8B531A-9063-4D71-A5A1-9123E726FE57}.Release|x64.Build.0 = Release|x64
		{4D8B531A-9063-4D71-A5A1-9123E726FE57}.Release|x86.ActiveCfg = Release|Win32
		{4D8B531A-9063-4D71-A5A1-9123E726FE57}.Release|x86.Build.0 = Release|Win32
		{2F52120F-A7E5-4A59-A8EE-71C6238AA1EA}.Debug|x64.ActiveCfg = Debug|x64
		{2F52120F-A7E5-4A59-A8EE-71C6238AA1EA}.Debug|x64.Build.0 = Debug|x64
		{2F52120F-A7E5-4A59-A8EE-71C6238AA1EA}.Debug|x86.ActiveCfg = Debug|Win32
		{2F52120F-A7E5-4A59-A8EE-71C6238AA1EA}.Debug|x86.Build.0 = Debug|Win32
		{2F52120F-A7E5-4A59-A8EE-71C6238AA1EA}.Release|x64.ActiveCfg = Release|x64
		{2F52120F-A7E5-4A59-A8EE-71C6238AA1EA}.Release|x64.Build.0 = Release|x64
		{2F52120F-A7E5-4A59-A8EE-71C6238AA1EA}.Release|x86.ActiveCfg = Release|Win32
		{2F52120F-A7E5-4A59-A8EE-71C6238AA1EA}.Release|x86.Build.0 = Release|Win32
		{43574AEB-D03D-4CC4-B204-B06B92DA3045}.Debug|x64.ActiveCfg = Debug|x64
		{43574AEB-D03D-4CC4-B204-B06B92DA3045}.Debug|x64.Build.0 = Debug|x64
		{43574AEB-D03D-4CC4-B204-B06B92DA3045}.Debug|x86.ActiveCfg = Debug|Win32
		{43574AEB-D03D-4CC4-B204-B06B92DA3045}.Debug|x86.Build.0 = Debug|Win32
		{43574AEB-D03D-4CC4-B204-B06B92DA3045}.Release|x64.ActiveCfg = Release|x64
		{43574AEB-D03D-4CC4-B204-B06B92DA3045}.Release|x64.Build.0 = Release|x64
		{43574AEB-D03D-4CC4-B204-B06B92DA3045}.Release|x86.ActiveCfg = Release|Win32
		{43574AEB-D03D-4CC4-B204-B06B92DA3045}.Release|x86.Build.0 = Release|Win32
		{29656B24-7048-4CC9-8150-A68DE1CDEEEA}.Debug|x64.ActiveCfg = Debug|x64
		{29656B24-7048-4CC9-8150-A68DE1CDEEEA}.Debug|x64.Build.0 = Debug|x64
		{29656B24-7048-4CC9-8150-A68DE1CDEEEA}.Debug|x86.ActiveCfg = Debug|Win32
		{29656B24-7048-4CC9-8150-A68DE1CDEEEA}.Debug|x86.Build.0 = Debug|Win32
		{29656B24-7048-4CC9-8150-A68DE1CDEEEA}.Release|x64.ActiveCfg = Release|x64
		{29656B24-7048-4CC9-8150-A68DE1CDEEEA}.Release|x64.Build.0 = Release|x64
		{29656B24-7048-4CC9-8150-A68DE1CDEEEA}.Release|x86.ActiveCfg = Release|Win32
		{29656B24-7048-4CC9-8150-A68DE1CDEEEA}.Release|x86.Build.0 = Release|Win32
	EndGlobalSection
	GlobalSection(SolutionProperties) = preSolution
		HideSolutionNode = FALSE
	EndGlobalSection
	GlobalSection(ExtensibilityGlobals) = postSolution
		SolutionGuid = {73C394CA-6C70-4253-8F76-F1BFB79E6316}
	EndGlobalSection
EndGlobal
